
Microsoft Visual Studio Solution File, Format Version 12.00
# Visual Studio Version 17
VisualStudioVersion = 17.5.33502.453
MinimumVisualStudioVersion = 10.0.40219.1
Project("{FAE04EC0-301F-11D3-BF4B-00C04F79EFBC}") = "RegisterPerson", "RegisterPerson\RegisterPerson.csproj", "{95C10A5E-E7E6-403A-90C2-E87C78FD8DE2}"
EndProject
Global
	GlobalSection(SolutionConfigurationPlatforms) = preSolution
		Debug|Any CPU = Debug|Any CPU
		Release|Any CPU = Release|Any CPU
	EndGlobalSection
	GlobalSection(ProjectConfigurationPlatforms) = postSolution
		{95C10A5E-E7E6-403A-90C2-E87C78FD8DE2}.Debug|Any CPU.ActiveCfg = Debug|Any CPU
		{95C10A5E-E7E6-403A-90C2-E87C78FD8DE2}.Debug|Any CPU.Build.0 = Debug|Any CPU
		{95C10A5E-E7E6-403A-90C2-E87C78FD8DE2}.Release|Any CPU.ActiveCfg = Release|Any CPU
		{95C10A5E-E7E6-403A-90C2-E87C78FD8DE2}.Release|Any CPU.Build.0 = Release|Any CPU
	EndGlobalSection
	GlobalSection(SolutionProperties) = preSolution
		HideSolutionNode = FALSE
	EndGlobalSection
	GlobalSection(ExtensibilityGlobals) = postSolution
		SolutionGuid = {AF1C85E3-7C41-40E1-80E5-24CF8E69B5BC}
	EndGlobalSection
EndGlobal
